// !$*UTF8*$!
{
	archiveVersion = 1;
	classes = {
	};
	objectVersion = 50;
	objects = {

/* Begin PBXBuildFile section */
		9422FBC7270C229100A90F85 /* AppDelegate.swift in Sources */ = {isa = PBXBuildFile; fileRef = 9422FBC6270C229100A90F85 /* AppDelegate.swift */; };
		9422FBC9270C229100A90F85 /* SceneDelegate.swift in Sources */ = {isa = PBXBuildFile; fileRef = 9422FBC8270C229100A90F85 /* SceneDelegate.swift */; };
		9422FBCB270C229100A90F85 /* ViewController.swift in Sources */ = {isa = PBXBuildFile; fileRef = 9422FBCA270C229100A90F85 /* ViewController.swift */; };
		9422FBCE270C229100A90F85 /* Main.storyboard in Resources */ = {isa = PBXBuildFile; fileRef = 9422FBCC270C229100A90F85 /* Main.storyboard */; };
		9422FBD0270C22B800A90F85 /* Assets.xcassets in Resources */ = {isa = PBXBuildFile; fileRef = 9422FBCF270C22B800A90F85 /* Assets.xcassets */; };
		9422FBD3270C22B800A90F85 /* LaunchScreen.storyboard in Resources */ = {isa = PBXBuildFile; fileRef = 9422FBD1270C22B800A90F85 /* LaunchScreen.storyboard */; };
		9422FBE9270C31E300A90F85 /* fb.png in Resources */ = {isa = PBXBuildFile; fileRef = 9422FBDB270C31E100A90F85 /* fb.png */; };
		9422FBF0270C31E300A90F85 /* insta-80D6-4B93-9F46-735CD8DD7605.png in Resources */ = {isa = PBXBuildFile; fileRef = 9422FBE2270C31E200A90F85 /* insta-80D6-4B93-9F46-735CD8DD7605.png */; };
		9422FC03270C36E200A90F85 /* share.png in Resources */ = {isa = PBXBuildFile; fileRef = 9422FBF8270C36E100A90F85 /* share.png */; };
		9422FC04270C36E200A90F85 /* logolong.png in Resources */ = {isa = PBXBuildFile; fileRef = 9422FBF9270C36E100A90F85 /* logolong.png */; };
		9422FC05270C36E200A90F85 /* mouse.png in Resources */ = {isa = PBXBuildFile; fileRef = 9422FBFA270C36E100A90F85 /* mouse.png */; };
		9422FC06270C36E200A90F85 /* book.png in Resources */ = {isa = PBXBuildFile; fileRef = 9422FBFB270C36E100A90F85 /* book.png */; };
		9422FC07270C36E200A90F85 /* flag.png in Resources */ = {isa = PBXBuildFile; fileRef = 9422FBFC270C36E100A90F85 /* flag.png */; };
		9422FC08270C36E200A90F85 /* phone.png in Resources */ = {isa = PBXBuildFile; fileRef = 9422FBFD270C36E100A90F85 /* phone.png */; };
		9422FC09270C36E200A90F85 /* phoneleft.png in Resources */ = {isa = PBXBuildFile; fileRef = 9422FBFE270C36E100A90F85 /* phoneleft.png */; };
		9422FC0A270C36E200A90F85 /* star.png in Resources */ = {isa = PBXBuildFile; fileRef = 9422FBFF270C36E100A90F85 /* star.png */; };
		9422FC0B270C36E200A90F85 /* vr.png in Resources */ = {isa = PBXBuildFile; fileRef = 9422FC00270C36E100A90F85 /* vr.png */; };
		9422FC0C270C36E200A90F85 /* logo.png in Resources */ = {isa = PBXBuildFile; fileRef = 9422FC01270C36E100A90F85 /* logo.png */; };
		9422FC0F270C382600A90F85 /* Art.png in Resources */ = {isa = PBXBuildFile; fileRef = 9422FC0E270C382600A90F85 /* Art.png */; };
		9425C312270C61C00064D0FD /* RegViewController.swift in Sources */ = {isa = PBXBuildFile; fileRef = 9425C311270C61C00064D0FD /* RegViewController.swift */; };
		9425C316270C69FC0064D0FD /* shortlogo.png in Resources */ = {isa = PBXBuildFile; fileRef = 9425C315270C69FC0064D0FD /* shortlogo.png */; };
		9425C318270C6DFB0064D0FD /* johndoe.png in Resources */ = {isa = PBXBuildFile; fileRef = 9425C317270C6DFB0064D0FD /* johndoe.png */; };
		9425C31A270C7C5E0064D0FD /* bar.png in Resources */ = {isa = PBXBuildFile; fileRef = 9425C319270C7C5D0064D0FD /* bar.png */; };
/* End PBXBuildFile section */

/* Begin PBXFileReference section */
		9422FBC3270C229100A90F85 /* test.app */ = {isa = PBXFileReference; explicitFileType = wrapper.application; includeInIndex = 0; path = test.app; sourceTree = BUILT_PRODUCTS_DIR; };
		9422FBC6270C229100A90F85 /* AppDelegate.swift */ = {isa = PBXFileReference; lastKnownFileType = sourcecode.swift; path = AppDelegate.swift; sourceTree = "<group>"; };
		9422FBC8270C229100A90F85 /* SceneDelegate.swift */ = {isa = PBXFileReference; lastKnownFileType = sourcecode.swift; path = SceneDelegate.swift; sourceTree = "<group>"; };
		9422FBCA270C229100A90F85 /* ViewController.swift */ = {isa = PBXFileReference; lastKnownFileType = sourcecode.swift; path = ViewController.swift; sourceTree = "<group>"; };
		9422FBCD270C229100A90F85 /* Base */ = {isa = PBXFileReference; lastKnownFileType = file.storyboard; name = Base; path = Base.lproj/Main.storyboard; sourceTree = "<group>"; };
		9422FBCF270C22B800A90F85 /* Assets.xcassets */ = {isa = PBXFileReference; lastKnownFileType = folder.assetcatalog; path = Assets.xcassets; sourceTree = "<group>"; };
		9422FBD2270C22B800A90F85 /* Base */ = {isa = PBXFileReference; lastKnownFileType = file.storyboard; name = Base; path = Base.lproj/LaunchScreen.storyboard; sourceTree = "<group>"; };
		9422FBD4270C22B800A90F85 /* Info.plist */ = {isa = PBXFileReference; lastKnownFileType = text.plist.xml; path = Info.plist; sourceTree = "<group>"; };
		9422FBDB270C31E100A90F85 /* fb.png */ = {isa = PBXFileReference; lastKnownFileType = image.png; path = fb.png; sourceTree = "<group>"; };
		9422FBE2270C31E200A90F85 /* insta-80D6-4B93-9F46-735CD8DD7605.png */ = {isa = PBXFileReference; lastKnownFileType = image.png; path = "insta-80D6-4B93-9F46-735CD8DD7605.png"; sourceTree = "<group>"; };
		9422FBF8270C36E100A90F85 /* share.png */ = {isa = PBXFileReference; lastKnownFileType = image.png; path = share.png; sourceTree = "<group>"; };
		9422FBF9270C36E100A90F85 /* logolong.png */ = {isa = PBXFileReference; lastKnownFileType = image.png; path = logolong.png; sourceTree = "<group>"; };
		9422FBFA270C36E100A90F85 /* mouse.png */ = {isa = PBXFileReference; lastKnownFileType = image.png; path = mouse.png; sourceTree = "<group>"; };
		9422FBFB270C36E100A90F85 /* book.png */ = {isa = PBXFileReference; lastKnownFileType = image.png; path = book.png; sourceTree = "<group>"; };
		9422FBFC270C36E100A90F85 /* flag.png */ = {isa = PBXFileReference; lastKnownFileType = image.png; path = flag.png; sourceTree = "<group>"; };
		9422FBFD270C36E100A90F85 /* phone.png */ = {isa = PBXFileReference; lastKnownFileType = image.png; path = phone.png; sourceTree = "<group>"; };
		9422FBFE270C36E100A90F85 /* phoneleft.png */ = {isa = PBXFileReference; lastKnownFileType = image.png; path = phoneleft.png; sourceTree = "<group>"; };
		9422FBFF270C36E100A90F85 /* star.png */ = {isa = PBXFileReference; lastKnownFileType = image.png; path = star.png; sourceTree = "<group>"; };
		9422FC00270C36E100A90F85 /* vr.png */ = {isa = PBXFileReference; lastKnownFileType = image.png; path = vr.png; sourceTree = "<group>"; };
		9422FC01270C36E100A90F85 /* logo.png */ = {isa = PBXFileReference; lastKnownFileType = image.png; path = logo.png; sourceTree = "<group>"; };
		9422FC0E270C382600A90F85 /* Art.png */ = {isa = PBXFileReference; lastKnownFileType = image.png; path = Art.png; sourceTree = "<group>"; };
		9425C311270C61C00064D0FD /* RegViewController.swift */ = {isa = PBXFileReference; lastKnownFileType = sourcecode.swift; path = RegViewController.swift; sourceTree = "<group>"; };
		9425C315270C69FC0064D0FD /* shortlogo.png */ = {isa = PBXFileReference; lastKnownFileType = image.png; path = shortlogo.png; sourceTree = "<group>"; };
		9425C317270C6DFB0064D0FD /* johndoe.png */ = {isa = PBXFileReference; lastKnownFileType = image.png; path = johndoe.png; sourceTree = "<group>"; };
		9425C319270C7C5D0064D0FD /* bar.png */ = {isa = PBXFileReference; lastKnownFileType = image.png; path = bar.png; sourceTree = "<group>"; };
/* End PBXFileReference section */

/* Begin PBXFrameworksBuildPhase section */
		9422FBC0270C229100A90F85 /* Frameworks */ = {
			isa = PBXFrameworksBuildPhase;
			buildActionMask = 2147483647;
			files = (
			);
			runOnlyForDeploymentPostprocessing = 0;
		};
/* End PBXFrameworksBuildPhase section */

/* Begin PBXGroup section */
		9422FBBA270C229100A90F85 = {
			isa = PBXGroup;
			children = (
				9422FBC5270C229100A90F85 /* test */,
				9422FBC4270C229100A90F85 /* Products */,
			);
			sourceTree = "<group>";
		};
		9422FBC4270C229100A90F85 /* Products */ = {
			isa = PBXGroup;
			children = (
				9422FBC3270C229100A90F85 /* test.app */,
			);
			name = Products;
			sourceTree = "<group>";
		};
		9422FBC5270C229100A90F85 /* test */ = {
			isa = PBXGroup;
			children = (
				9422FBC6270C229100A90F85 /* AppDelegate.swift */,
				9422FBC8270C229100A90F85 /* SceneDelegate.swift */,
				9422FBCA270C229100A90F85 /* ViewController.swift */,
				9425C311270C61C00064D0FD /* RegViewController.swift */,
				9422FBCC270C229100A90F85 /* Main.storyboard */,
				9422FBCF270C22B800A90F85 /* Assets.xcassets */,
				9422FBF7270C321F00A90F85 /* data */,
				9422FBD1270C22B800A90F85 /* LaunchScreen.storyboard */,
				9422FBD4270C22B800A90F85 /* Info.plist */,
			);
			path = test;
			sourceTree = "<group>";
		};
		9422FBF7270C321F00A90F85 /* data */ = {
			isa = PBXGroup;
			children = (
				9422FBE2270C31E200A90F85 /* insta-80D6-4B93-9F46-735CD8DD7605.png */,
				9425C319270C7C5D0064D0FD /* bar.png */,
				9425C317270C6DFB0064D0FD /* johndoe.png */,
				9425C315270C69FC0064D0FD /* shortlogo.png */,
				9422FBDB270C31E100A90F85 /* fb.png */,
				9422FBFB270C36E100A90F85 /* book.png */,
				9422FC0E270C382600A90F85 /* Art.png */,
				9422FBFC270C36E100A90F85 /* flag.png */,
				9422FC01270C36E100A90F85 /* logo.png */,
				9422FBF9270C36E100A90F85 /* logolong.png */,
				9422FBFA270C36E100A90F85 /* mouse.png */,
				9422FBFD270C36E100A90F85 /* phone.png */,
				9422FBFE270C36E100A90F85 /* phoneleft.png */,
				9422FBF8270C36E100A90F85 /* share.png */,
				9422FBFF270C36E100A90F85 /* star.png */,
				9422FC00270C36E100A90F85 /* vr.png */,
			);
			path = data;
			sourceTree = "<group>";
		};
/* End PBXGroup section */

/* Begin PBXNativeTarget section */
		9422FBC2270C229100A90F85 /* test */ = {
			isa = PBXNativeTarget;
			buildConfigurationList = 9422FBD7270C22B800A90F85 /* Build configuration list for PBXNativeTarget "test" */;
			buildPhases = (
				9422FBBF270C229100A90F85 /* Sources */,
				9422FBC0270C229100A90F85 /* Frameworks */,
				9422FBC1270C229100A90F85 /* Resources */,
			);
			buildRules = (
			);
			dependencies = (
			);
			name = test;
			productName = test;
			productReference = 9422FBC3270C229100A90F85 /* test.app */;
			productType = "com.apple.product-type.application";
		};
/* End PBXNativeTarget section */

/* Begin PBXProject section */
		9422FBBB270C229100A90F85 /* Project object */ = {
			isa = PBXProject;
			attributes = {
				LastSwiftUpdateCheck = 1160;
				LastUpgradeCheck = 1160;
				ORGANIZATIONNAME = "MANOJ REDDY";
				TargetAttributes = {
					9422FBC2270C229100A90F85 = {
						CreatedOnToolsVersion = 11.6;
					};
				};
			};
			buildConfigurationList = 9422FBBE270C229100A90F85 /* Build configuration list for PBXProject "test" */;
			compatibilityVersion = "Xcode 9.3";
			developmentRegion = en;
			hasScannedForEncodings = 0;
			knownRegions = (
				en,
				Base,
			);
			mainGroup = 9422FBBA270C229100A90F85;
			productRefGroup = 9422FBC4270C229100A90F85 /* Products */;
			projectDirPath = "";
			projectRoot = "";
			targets = (
				9422FBC2270C229100A90F85 /* test */,
			);
		};
/* End PBXProject section */

/* Begin PBXResourcesBuildPhase section */
		9422FBC1270C229100A90F85 /* Resources */ = {
			isa = PBXResourcesBuildPhase;
			buildActionMask = 2147483647;
			files = (
				9422FBD3270C22B800A90F85 /* LaunchScreen.storyboard in Resources */,
				9422FC0F270C382600A90F85 /* Art.png in Resources */,
				9422FC08270C36E200A90F85 /* phone.png in Resources */,
				9422FC07270C36E200A90F85 /* flag.png in Resources */,
				9422FC03270C36E200A90F85 /* share.png in Resources */,
				9422FC06270C36E200A90F85 /* book.png in Resources */,
				9422FC09270C36E200A90F85 /* phoneleft.png in Resources */,
				9425C316270C69FC0064D0FD /* shortlogo.png in Resources */,
				9425C31A270C7C5E0064D0FD /* bar.png in Resources */,
				9422FBD0270C22B800A90F85 /* Assets.xcassets in Resources */,
				9422FC0B270C36E200A90F85 /* vr.png in Resources */,
				9422FC04270C36E200A90F85 /* logolong.png in Resources */,
				9422FBF0270C31E300A90F85 /* insta-80D6-4B93-9F46-735CD8DD7605.png in Resources */,
				9422FC0A270C36E200A90F85 /* star.png in Resources */,
				9422FC0C270C36E200A90F85 /* logo.png in Resources */,
				9422FC05270C36E200A90F85 /* mouse.png in Resources */,
				9425C318270C6DFB0064D0FD /* johndoe.png in Resources */,
				9422FBE9270C31E300A90F85 /* fb.png in Resources */,
				9422FBCE270C229100A90F85 /* Main.storyboard in Resources */,
			);
			runOnlyForDeploymentPostprocessing = 0;
		};
/* End PBXResourcesBuildPhase section */

/* Begin PBXSourcesBuildPhase section */
		9422FBBF270C229100A90F85 /* Sources */ = {
			isa = PBXSourcesBuildPhase;
			buildActionMask = 2147483647;
			files = (
				9422FBCB270C229100A90F85 /* ViewController.swift in Sources */,
				9422FBC7270C229100A90F85 /* AppDelegate.swift in Sources */,
				9422FBC9270C229100A90F85 /* SceneDelegate.swift in Sources */,
				9425C312270C61C00064D0FD /* RegViewController.swift in Sources */,
			);
			runOnlyForDeploymentPostprocessing = 0;
		};
/* End PBXSourcesBuildPhase section */

/* Begin PBXVariantGroup section */
		9422FBCC270C229100A90F85 /* Main.storyboard */ = {
			isa = PBXVariantGroup;
			children = (
				9422FBCD270C229100A90F85 /* Base */,
			);
			name = Main.storyboard;
			sourceTree = "<group>";
		};
		9422FBD1270C22B800A90F85 /* LaunchScreen.storyboard */ = {
			isa = PBXVariantGroup;
			children = (
				9422FBD2270C22B800A90F85 /* Base */,
			);
			name = LaunchScreen.storyboard;
			sourceTree = "<group>";
		};
/* End PBXVariantGroup section */

/* Begin XCBuildConfiguration section */
		9422FBD5270C22B800A90F85 /* Debug */ = {
			isa = XCBuildConfiguration;
			buildSettings = {
				ALWAYS_SEARCH_USER_PATHS = NO;
				CLANG_ANALYZER_NONNULL = YES;
				CLANG_ANALYZER_NUMBER_OBJECT_CONVERSION = YES_AGGRESSIVE;
				CLANG_CXX_LANGUAGE_STANDARD = "gnu++14";
				CLANG_CXX_LIBRARY = "libc++";
				CLANG_ENABLE_MODULES = YES;
				CLANG_ENABLE_OBJC_ARC = YES;
				CLANG_ENABLE_OBJC_WEAK = YES;
				CLANG_WARN_BLOCK_CAPTURE_AUTORELEASING = YES;
				CLANG_WARN_BOOL_CONVERSION = YES;
				CLANG_WARN_COMMA = YES;
				CLANG_WARN_CONSTANT_CONVERSION = YES;
				CLANG_WARN_DEPRECATED_OBJC_IMPLEMENTATIONS = YES;
				CLANG_WARN_DIRECT_OBJC_ISA_USAGE = YES_ERROR;
				CLANG_WARN_DOCUMENTATION_COMMENTS = YES;
				CLANG_WARN_EMPTY_BODY = YES;
				CLANG_WARN_ENUM_CONVERSION = YES;
				CLANG_WARN_INFINITE_RECURSION = YES;
				CLANG_WARN_INT_CONVERSION = YES;
				CLANG_WARN_NON_LITERAL_NULL_CONVERSION = YES;
				CLANG_WARN_OBJC_IMPLICIT_RETAIN_SELF = YES;
				CLANG_WARN_OBJC_LITERAL_CONVERSION = YES;
				CLANG_WARN_OBJC_ROOT_CLASS = YES_ERROR;
				CLANG_WARN_RANGE_LOOP_ANALYSIS = YES;
				CLANG_WARN_STRICT_PROTOTYPES = YES;
				CLANG_WARN_SUSPICIOUS_MOVE = YES;
				CLANG_WARN_UNGUARDED_AVAILABILITY = YES_AGGRESSIVE;
				CLANG_WARN_UNREACHABLE_CODE = YES;
				CLANG_WARN__DUPLICATE_METHOD_MATCH = YES;
				COPY_PHASE_STRIP = NO;
				DEBUG_INFORMATION_FORMAT = dwarf;
				ENABLE_STRICT_OBJC_MSGSEND = YES;
				ENABLE_TESTABILITY = YES;
				GCC_C_LANGUAGE_STANDARD = gnu11;
				GCC_DYNAMIC_NO_PIC = NO;
				GCC_NO_COMMON_BLOCKS = YES;
				GCC_OPTIMIZATION_LEVEL = 0;
				GCC_PREPROCESSOR_DEFINITIONS = (
					"DEBUG=1",
					"$(inherited)",
				);
				GCC_WARN_64_TO_32_BIT_CONVERSION = YES;
				GCC_WARN_ABOUT_RETURN_TYPE = YES_ERROR;
				GCC_WARN_UNDECLARED_SELECTOR = YES;
				GCC_WARN_UNINITIALIZED_AUTOS = YES_AGGRESSIVE;
				GCC_WARN_UNUSED_FUNCTION = YES;
				GCC_WARN_UNUSED_VARIABLE = YES;
				IPHONEOS_DEPLOYMENT_TARGET = 13.6;
				MTL_ENABLE_DEBUG_INFO = INCLUDE_SOURCE;
				MTL_FAST_MATH = YES;
				ONLY_ACTIVE_ARCH = YES;
				SDKROOT = iphoneos;
				SWIFT_ACTIVE_COMPILATION_CONDITIONS = DEBUG;
				SWIFT_OPTIMIZATION_LEVEL = "-Onone";
			};
			name = Debug;
		};
		9422FBD6270C22B800A90F85 /* Release */ = {
			isa = XCBuildConfiguration;
			buildSettings = {
				ALWAYS_SEARCH_USER_PATHS = NO;
				CLANG_ANALYZER_NONNULL = YES;
				CLANG_ANALYZER_NUMBER_OBJECT_CONVERSION = YES_AGGRESSIVE;
				CLANG_CXX_LANGUAGE_STANDARD = "gnu++14";
				CLANG_CXX_LIBRARY = "libc++";
				CLANG_ENABLE_MODULES = YES;
				CLANG_ENABLE_OBJC_ARC = YES;
				CLANG_ENABLE_OBJC_WEAK = YES;
				CLANG_WARN_BLOCK_CAPTURE_AUTORELEASING = YES;
				CLANG_WARN_BOOL_CONVERSION = YES;
				CLANG_WARN_COMMA = YES;
				CLANG_WARN_CONSTANT_CONVERSION = YES;
				CLANG_WARN_DEPRECATED_OBJC_IMPLEMENTATIONS = YES;
				CLANG_WARN_DIRECT_OBJC_ISA_USAGE = YES_ERROR;
				CLANG_WARN_DOCUMENTATION_COMMENTS = YES;
				CLANG_WARN_EMPTY_BODY = YES;
				CLANG_WARN_ENUM_CONVERSION = YES;
				CLANG_WARN_INFINITE_RECURSION = YES;
				CLANG_WARN_INT_CONVERSION = YES;
				CLANG_WARN_NON_LITERAL_NULL_CONVERSION = YES;
				CLANG_WARN_OBJC_IMPLICIT_RETAIN_SELF = YES;
				CLANG_WARN_OBJC_LITERAL_CONVERSION = YES;
				CLANG_WARN_OBJC_ROOT_CLASS = YES_ERROR;
				CLANG_WARN_RANGE_LOOP_ANALYSIS = YES;
				CLANG_WARN_STRICT_PROTOTYPES = YES;
				CLANG_WARN_SUSPICIOUS_MOVE = YES;
				CLANG_WARN_UNGUARDED_AVAILABILITY = YES_AGGRESSIVE;
				CLANG_WARN_UNREACHABLE_CODE = YES;
				CLANG_WARN__DUPLICATE_METHOD_MATCH = YES;
				COPY_PHASE_STRIP = NO;
				DEBUG_INFORMATION_FORMAT = "dwarf-with-dsym";
				ENABLE_NS_ASSERTIONS = NO;
				ENABLE_STRICT_OBJC_MSGSEND = YES;
				GCC_C_LANGUAGE_STANDARD = gnu11;
				GCC_NO_COMMON_BLOCKS = YES;
				GCC_WARN_64_TO_32_BIT_CONVERSION = YES;
				GCC_WARN_ABOUT_RETURN_TYPE = YES_ERROR;
				GCC_WARN_UNDECLARED_SELECTOR = YES;
				GCC_WARN_UNINITIALIZED_AUTOS = YES_AGGRESSIVE;
				GCC_WARN_UNUSED_FUNCTION = YES;
				GCC_WARN_UNUSED_VARIABLE = YES;
				IPHONEOS_DEPLOYMENT_TARGET = 13.6;
				MTL_ENABLE_DEBUG_INFO = NO;
				MTL_FAST_MATH = YES;
				SDKROOT = iphoneos;
				SWIFT_COMPILATION_MODE = wholemodule;
				SWIFT_OPTIMIZATION_LEVEL = "-O";
				VALIDATE_PRODUCT = YES;
			};
			name = Release;
		};
		9422FBD8270C22B800A90F85 /* Debug */ = {
			isa = XCBuildConfiguration;
			buildSettings = {
				ASSETCATALOG_COMPILER_APPICON_NAME = AppIcon;
				CODE_SIGN_STYLE = Automatic;
				DEVELOPMENT_TEAM = P4NKXZAA9L;
				INFOPLIST_FILE = test/Info.plist;
				LD_RUNPATH_SEARCH_PATHS = (
					"$(inherited)",
					"@executable_path/Frameworks",
				);
				PRODUCT_BUNDLE_IDENTIFIER = com.manu.test;
				PRODUCT_NAME = "$(TARGET_NAME)";
				SWIFT_VERSION = 5.0;
				TARGETED_DEVICE_FAMILY = "1,2";
			};
			name = Debug;
		};
		9422FBD9270C22B800A90F85 /* Release */ = {
			isa = XCBuildConfiguration;
			buildSettings = {
				ASSETCATALOG_COMPILER_APPICON_NAME = AppIcon;
				CODE_SIGN_STYLE = Automatic;
				DEVELOPMENT_TEAM = P4NKXZAA9L;
				INFOPLIST_FILE = test/Info.plist;
				LD_RUNPATH_SEARCH_PATHS = (
					"$(inherited)",
					"@executable_path/Frameworks",
				);
				PRODUCT_BUNDLE_IDENTIFIER = com.manu.test;
				PRODUCT_NAME = "$(TARGET_NAME)";
				SWIFT_VERSION = 5.0;
				TARGETED_DEVICE_FAMILY = "1,2";
			};
			name = Release;
		};
/* End XCBuildConfiguration section */

/* Begin XCConfigurationList section */
		9422FBBE270C229100A90F85 /* Build configuration list for PBXProject "test" */ = {
			isa = XCConfigurationList;
			buildConfigurations = (
				9422FBD5270C22B800A90F85 /* Debug */,
				9422FBD6270C22B800A90F85 /* Release */,
			);
			defaultConfigurationIsVisible = 0;
			defaultConfigurationName = Release;
		};
		9422FBD7270C22B800A90F85 /* Build configuration list for PBXNativeTarget "test" */ = {
			isa = XCConfigurationList;
			buildConfigurations = (
				9422FBD8270C22B800A90F85 /* Debug */,
				9422FBD9270C22B800A90F85 /* Release */,
			);
			defaultConfigurationIsVisible = 0;
			defaultConfigurationName = Release;
		};
/* End XCConfigurationList section */
	};
	rootObject = 9422FBBB270C229100A90F85 /* Project object */;
}
